version = 1
revision = 3
requires-python = "==3.12.*"
resolution-markers = [
    "sys_platform == 'win32'",
    "sys_platform == 'emscripten'",
    "sys_platform != 'emscripten' and sys_platform != 'win32'",
]

[[package]]
name = "affine"
version = "2.4.0"
source = { registry = "https://pypi.org/simple" }
sdist = { url = "https://files.pythonhosted.org/packages/69/98/d2f0bb06385069e799fc7d2870d9e078cfa0fa396dc8a2b81227d0da08b9/affine-2.4.0.tar.gz", hash = "sha256:a24d818d6a836c131976d22f8c27b8d3ca32d0af64c1d8d29deb7bafa4da1eea", size = 17132, upload-time = "2023-01-19T23:44:30.696Z" }
wheels = [
    { url = "https://files.pythonhosted.org/packages/0b/f7/85273299ab57117850cc0a936c64151171fac4da49bc6fba0dad984a7c5f/affine-2.4.0-py3-none-any.whl", hash = "sha256:8a3df80e2b2378aef598a83c1392efd47967afec4242021a0b06b4c7cbc61a92", size = 15662, upload-time = "2023-01-19T23:44:28.833Z" },
]

[[package]]
name = "altgraph"
version = "0.17.5"
source = { registry = "https://pypi.org/simple" }
sdist = { url = "https://files.pythonhosted.org/packages/7e/f8/97fdf103f38fed6792a1601dbc16cc8aac56e7459a9fff08c812d8ae177a/altgraph-0.17.5.tar.gz", hash = "sha256:c87b395dd12fabde9c99573a9749d67da8d29ef9de0125c7f536699b4a9bc9e7", size = 48428, upload-time = "2025-11-21T20:35:50.583Z" }
wheels = [
    { url = "https://files.pythonhosted.org/packages/a9/ba/000a1996d4308bc65120167c21241a3b205464a2e0b58deda26ae8ac21d1/altgraph-0.17.5-py2.py3-none-any.whl", hash = "sha256:f3a22400bce1b0c701683820ac4f3b159cd301acab067c51c653e06961600597", size = 21228, upload-time = "2025-11-21T20:35:49.444Z" },
]

[[package]]
name = "attrs"
version = "26.1.0"
source = { registry = "https://pypi.org/simple" }
sdist = { url = "https://files.pythonhosted.org/packages/9a/8e/82a0fe20a541c03148528be8cac2408564a6c9a0cc7e9171802bc1d26985/attrs-26.1.0.tar.gz", hash = "sha256:d03ceb89cb322a8fd706d4fb91940737b6642aa36998fe130a9bc96c985eff32", size = 952055, upload-time = "2026-03-19T14:22:25.026Z" }
wheels = [
    { url = "https://files.pythonhosted.org/packages/64/b4/17d4b0b2a2dc85a6df63d1157e028ed19f90d4cd97c36717afef2bc2f395/attrs-26.1.0-py3-none-any.whl", hash = "sha256:c647aa4a12dfbad9333ca4e71fe62ddc36f4e63b2d260a37a8b83d2f043ac309", size = 67548, upload-time = "2026-03-19T14:22:23.645Z" },
]

[[package]]
name = "certifi"
version = "2026.7.22"
source = { registry = "https://pypi.org/simple" }
sdist = { url = "https://files.pythonhosted.org/packages/a3/c2/24167ea9858356b47a87a50d39908bfdb72ceeefe0041586e704e5376b3a/certifi-2026.7.22.tar.gz", hash = "sha256:741e2c3b351ddf169a738da9f2c048608ff7f2c5cc02f1ebc6b118bb090d5d55", size = 138112, upload-time = "2026-07-22T03:35:12.644Z" }
wheels = [
    { url = "https://files.pythonhosted.org/packages/0b/a7/71ac2cff56fec219ed242bb11b8efb69fcc4bec75db06fb7bfe35de520e6/certifi-2026.7.22-py3-none-any.whl", hash = "sha256:62f22742b58a1a33014a2b6b706588a8d7e2a88ae7bd1a6ebe8c992928483775", size = 136983, upload-time = "2026-07-22T03:35:11.276Z" },
]

[[package]]
name = "click"
version = "8.5.0"
source = { registry = "https://pypi.org/simple" }
sdist = { url = "https://files.pythonhosted.org/packages/c7/0e/7fa0ef50764b67090eca4114772a2abf8b6148198475e54c660b97caeee6/click-8.5.0.tar.gz", hash = "sha256:ba0d2089de75ea0310e2dde03160e6ca10009947fb95a182f9b54021bb272e34", size = 382235, upload-time = "2026-08-26T13:33:14.56Z" }
wheels = [
    { url = "https://files.pythonhosted.org/packages/58/50/6c0d534c5f134586a8e1ba4e330569e32f057e33372ae556463212fb4cd3/click-8.5.0-py3-none-any.whl", hash = "sha256:255bc9599cf7748b4b1a446ccc735421bd08a2ae529a8b88597d3de5664ee360", size = 125251, upload-time = "2026-08-26T13:33:12.928Z" },
]

[[package]]
name = "click-plugins"
version = "1.1.1.2"
source = { registry = "https://pypi.org/simple" }
dependencies = [
    { name = "click" },
]
sdist = { url = "https://files.pythonhosted.org/packages/c3/a4/34847b59150da33690a36da3681d6bbc2ec14ee9a846bc30a6746e5984e4/click_plugins-1.1.1.2.tar.gz", hash = "sha256:d7af3984a99d243c131aa1a828331e7630f4a88a9741fd05c927b204bcf92261", size = 8343, upload-time = "2025-06-25T00:47:37.555Z" }
wheels = [
    { url = "https://files.pythonhosted.org/packages/3d/9a/2abecb28ae875e39c8cad711eb1186d8d14eab564705325e77e4e6ab9ae5/click_plugins-1.1.1.2-py2.py3-none-any.whl", hash = "sha256:008d65743833ffc1f5417bf0e78e8d2c23aab04d9745ba817bd3e71b0feb6aa6", size = 11051, upload-time = "2025-06-25T00:47:36.731Z" },
]

[[package]]
name = "cligj"
version = "0.7.2"
source = { registry = "https://pypi.org/simple" }
dependencies = [
    { name = "click" },
]
sdist = { url = "https://files.pythonhosted.org/packages/ea/0d/837dbd5d8430fd0f01ed72c4cfb2f548180f4c68c635df84ce87956cff32/cligj-0.7.2.tar.gz", hash = "sha256:a4bc13d623356b373c2c27c53dbd9c68cae5d526270bfa71f6c6fa69669c6b27", size = 9803, upload-time = "2021-05-28T21:23:27.935Z" }
wheels = [
    { url = "https://files.pythonhosted.org/packages/73/86/43fa9f15c5b9fb6e82620428827cd3c284aa933431405d1bcf5231ae3d3e/cligj-0.7.2-py3-none-any.whl", hash = "sha256:c1ca117dbce1fe20a5809dc96f01e1c2840f6dcc939b3ddbb1111bf330ba82df", size = 7069, upload-time = "2021-05-28T21:23:26.877Z" },
]

[[package]]
name = "colorama"
version = "0.4.6"
source = { registry = "https://pypi.org/simple" }
sdist = { url = "https://files.pythonhosted.org/packages/d8/53/6f443c9a4a8358a93a6792e2acffb9d9d5cb0a5cfd8802644b7b1c9a02e4/colorama-0.4.6.tar.gz", hash = "sha256:08695f5cb7ed6e0531a20572697297273c47b8cae5a63ffc6d6ed5c201be6e44", size = 27697, upload-time = "2022-10-25T02:36:22.414Z" }
wheels = [
    { url = "https://files.pythonhosted.org/packages/d1/d6/3965ed04c63042e047cb6a3e6ed1a63a35087b6a609aa3a15ed8ac56c221/colorama-0.4.6-py2.py3-none-any.whl", hash = "sha256:4f1d9991f5acc0ca119f9d443620b77f9d6b33703e51011c16baf57afb285fc6", size = 25335, upload-time = "2022-10-25T02:36:20.889Z" },
]

[[package]]
name = "defusedxml"
version = "0.7.1"
source = { registry = "https://pypi.org/simple" }
sdist = { url = "https://files.pythonhosted.org/packages/0f/d5/c66da9b79e5bdb124974bfe172b4daf3c984ebd9c2a06e2b8a4dc7331c72/defusedxml-0.7.1.tar.gz", hash = "sha256:1bb3032db185915b62d7c6209c5a8792be6a32ab2fedacc84e01b52c51aa3e69", size = 75520, upload-time = "2021-03-08T10:59:26.269Z" }
wheels = [
    { url = "https://files.pythonhosted.org/packages/07/6c/aa3f2f849e01cb6a001cd8554a88d4c77c5c1a31c95bdf1cf9301e6d9ef4/defusedxml-0.7.1-py2.py3-none-any.whl", hash = "sha256:a352e7e428770286cc899e2542b6cdaedb2b4953ff269a210103ec58f6198a61", size = 25604, upload-time = "2021-03-08T10:59:24.45Z" },
]

[[package]]
name = "et-xmlfile"
version = "2.0.0"
source = { registry = "https://pypi.org/simple" }
sdist = { url = "https://files.pythonhosted.org/packages/d3/38/af70d7ab1ae9d4da450eeec1fa3918940a5fafb9055e934af8d6eb0c2313/et_xmlfile-2.0.0.tar.gz", hash = "sha256:dab3f4764309081ce75662649be815c4c9081e88f0837825f90fd28317d4da54", size = 17234, upload-time = "2024-10-25T17:25:40.039Z" }
wheels = [
    { url = "https://files.pythonhosted.org/packages/c1/8b/5fe2cc11fee489817272089c4203e679c63b570a5aaeb18d852ae3cbba6a/et_xmlfile-2.0.0-py3-none-any.whl", hash = "sha256:7a91720bc756843502c3b7504c77b8fe44217c85c537d85037f0f536151b2caa", size = 18059, upload-time = "2024-10-25T17:25:39.051Z" },
]

[[package]]
name = "geopandas"
version = "1.1.1"
source = { registry = "https://pypi.org/simple" }
dependencies = [
    { name = "numpy" },
    { name = "packaging" },
    { name = "pandas" },
    { name = "pyogrio" },
    { name = "pyproj" },
    { name = "shapely" },
]
sdist = { url = "https://files.pythonhosted.org/packages/8c/76/e1960ba846f153ab109575242abf89dc98f8e057faa32f3decf4cce9247a/geopandas-1.1.1.tar.gz", hash = "sha256:1745713f64d095c43e72e08e753dbd271678254b24f2e01db8cdb8debe1d293d", size = 332655, upload-time = "2025-06-26T21:04:56.57Z" }
wheels = [
    { url = "https://files.pythonhosted.org/packages/0b/70/d5cd0696eff08e62fdbdebe5b46527facb4e7220eabe0ac6225efab50168/geopandas-1.1.1-py3-none-any.whl", hash = "sha256:589e61aaf39b19828843df16cb90234e72897e2579be236f10eee0d052ad98e8", size = 338365, upload-time = "2025-06-26T21:04:55.139Z" },
]

[[package]]
name = "iniconfig"
version = "2.3.0"
source = { registry = "https://pypi.org/simple" }
sdist = { url = "https://files.pythonhosted.org/packages/72/34/14ca021ce8e5dfedc35312d08ba8bf51fdd999c576889fc2c24cb97f4f10/iniconfig-2.3.0.tar.gz", hash = "sha256:c76315c77db068650d49c5b56314774a7804df16fee4402c1f19d6d15d8c4730", size = 20503, upload-time = "2025-10-18T21:55:43.219Z" }
wheels = [
    { url = "https://files.pythonhosted.org/packages/cb/b1/3846dd7f199d53cb17f49cba7e651e9ce294d8497c8c150530ed11865bb8/iniconfig-2.3.0-py3-none-any.whl", hash = "sha256:f631c04d2c48c52b84d0d0549c99ff3859c98df65b3101406327ecc7d53fbf12", size = 7484, upload-time = "2025-10-18T21:55:41.639Z" },
]

[[package]]
name = "macholib"
version = "1.16.4"
source = { registry = "https://pypi.org/simple" }
dependencies = [
    { name = "altgraph" },
]
sdist = { url = "https://files.pythonhosted.org/packages/10/2f/97589876ea967487978071c9042518d28b958d87b17dceb7cdc1d881f963/macholib-1.16.4.tar.gz", hash = "sha256:f408c93ab2e995cd2c46e34fe328b130404be143469e41bc366c807448979362", size = 59427, upload-time = "2025-11-22T08:28:38.373Z" }
wheels = [
    { url = "https://files.pythonhosted.org/packages/c7/d1/a9f36f8ecdf0fb7c9b1e78c8d7af12b8c8754e74851ac7b94a8305540fc7/macholib-1.16.4-py2.py3-none-any.whl", hash = "sha256:da1a3fa8266e30f0ce7e97c6a54eefaae8edd1e5f86f3eb8b95457cae90265ea", size = 38117, upload-time = "2025-11-22T08:28:36.939Z" },
]

[[package]]
name = "numpy"
version = "2.4.2"
source = { registry = "https://pypi.org/simple" }
sdist = { url = "https://files.pythonhosted.org/packages/57/fd/0005efbd0af48e55eb3c7208af93f2862d4b1a56cd78e84309a2d959208d/numpy-2.4.2.tar.gz", hash = "sha256:659a6107e31a83c4e33f763942275fd278b21d095094044eb35569e86a21ddae", size = 20723651, upload-time = "2026-01-31T23:13:10.135Z" }
wheels = [
    { url = "https://files.pythonhosted.org/packages/51/6e/6f394c9c77668153e14d4da83bcc247beb5952f6ead7699a1a2992613bea/numpy-2.4.2-cp312-cp312-macosx_10_13_x86_64.whl", hash = "sha256:21982668592194c609de53ba4933a7471880ccbaadcc52352694a59ecc860b3a", size = 16667963, upload-time = "2026-01-31T23:10:52.147Z" },
    { url = "https://files.pythonhosted.org/packages/1f/f8/55483431f2b2fd015ae6ed4fe62288823ce908437ed49db5a03d15151678/numpy-2.4.2-cp312-cp312-macosx_11_0_arm64.whl", hash = "sha256:40397bda92382fcec844066efb11f13e1c9a3e2a8e8f318fb72ed8b6db9f60f1", size = 14693571, upload-time = "2026-01-31T23:10:54.789Z" },
    { url = "https://files.pythonhosted.org/packages/2f/20/18026832b1845cdc82248208dd929ca14c9d8f2bac391f67440707fff27c/numpy-2.4.2-cp312-cp312-macosx_14_0_arm64.whl", hash = "sha256:b3a24467af63c67829bfaa61eecf18d5432d4f11992688537be59ecd6ad32f5e", size = 5203469, upload-time = "2026-01-31T23:10:57.343Z" },
    { url = "https://files.pythonhosted.org/packages/7d/33/2eb97c8a77daaba34eaa3fa7241a14ac5f51c46a6bd5911361b644c4a1e2/numpy-2.4.2-cp312-cp312-macosx_14_0_x86_64.whl", hash = "sha256:805cc8de9fd6e7a22da5aed858e0ab16be5a4db6c873dde1d7451c541553aa27", size = 6550820, upload-time = "2026-01-31T23:10:59.429Z" },
    { url = "https://files.pythonhosted.org/packages/b1/91/b97fdfd12dc75b02c44e26c6638241cc004d4079a0321a69c62f51470c4c/numpy-2.4.2-cp312-cp312-manylinux_2_27_aarch64.manylinux_2_28_aarch64.whl", hash = "sha256:6d82351358ffbcdcd7b686b90742a9b86632d6c1c051016484fa0b326a0a1548", size = 15663067, upload-time = "2026-01-31T23:11:01.291Z" },
    { url = "https://files.pythonhosted.org/packages/f5/c6/a18e59f3f0b8071cc85cbc8d80cd02d68aa9710170b2553a117203d46936/numpy-2.4.2-cp312-cp312-manylinux_2_27_x86_64.manylinux_2_28_x86_64.whl", hash = "sha256:9e35d3e0144137d9fdae62912e869136164534d64a169f86438bc9561b6ad49f", size = 16619782, upload-time = "2026-01-31T23:11:03.669Z" },
    { url = "https://files.pythonhosted.org/packages/b7/83/9751502164601a79e18847309f5ceec0b1446d7b6aa12305759b72cf98b2/numpy-2.4.2-cp312-cp312-musllinux_1_2_aarch64.whl", hash = "sha256:adb6ed2ad29b9e15321d167d152ee909ec73395901b70936f029c3bc6d7f4460", size = 17013128, upload-time = "2026-01-31T23:11:05.913Z" },
    { url = "https://files.pythonhosted.org/packages/61/c4/c4066322256ec740acc1c8923a10047818691d2f8aec254798f3dd90f5f2/numpy-2.4.2-cp312-cp312-musllinux_1_2_x86_64.whl", hash = "sha256:8906e71fd8afcb76580404e2a950caef2685df3d2a57fe82a86ac8d33cc007ba", size = 18345324, upload-time = "2026-01-31T23:11:08.248Z" },
    { url = "https://files.pythonhosted.org/packages/ab/af/6157aa6da728fa4525a755bfad486ae7e3f76d4c1864138003eb84328497/numpy-2.4.2-cp312-cp312-win32.whl", hash = "sha256:ec055f6dae239a6299cace477b479cca2fc125c5675482daf1dd886933a1076f", size = 5960282, upload-time = "2026-01-31T23:11:10.497Z" },
    { url = "https://files.pythonhosted.org/packages/92/0f/7ceaaeaacb40567071e94dbf2c9480c0ae453d5bb4f52bea3892c39dc83c/numpy-2.4.2-cp312-cp312-win_amd64.whl", hash = "sha256:209fae046e62d0ce6435fcfe3b1a10537e858249b3d9b05829e2a05218296a85", size = 12314210, upload-time = "2026-01-31T23:11:12.176Z" },
    { url = "https://files.pythonhosted.org/packages/2f/a3/56c5c604fae6dd40fa2ed3040d005fca97e91bd320d232ac9931d77ba13c/numpy-2.4.2-cp312-cp312-win_arm64.whl", hash = "sha256:fbde1b0c6e81d56f5dccd95dd4a711d9b95df1ae4009a60887e56b27e8d903fa", size = 10220171, upload-time = "2026-01-31T23:11:14.684Z" },
]

[[package]]
name = "openpyxl"
version = "3.1.5"
source = { registry = "https://pypi.org/simple" }
dependencies = [
    { name = "et-xmlfile" },
]
sdist = { url = "https://files.pythonhosted.org/packages/3d/f9/88d94a75de065ea32619465d2f77b29a0469500e99012523b91cc4141cd1/openpyxl-3.1.5.tar.gz", hash = "sha256:cf0e3cf56142039133628b5acffe8ef0c12bc902d2aadd3e0fe5878dc08d1050", size = 186464, upload-time = "2024-06-28T14:03:44.161Z" }
wheels = [
    { url = "https://files.pythonhosted.org/packages/c0/da/977ded879c29cbd04de313843e76868e6e13408a94ed6b987245dc7c8506/openpyxl-3.1.5-py2.py3-none-any.whl", hash = "sha256:5282c12b107bffeef825f4617dc029afaf41d0ea60823bbb665ef3079dc79de2", size = 250910, upload-time = "2024-06-28T14:03:41.161Z" },
]

[[package]]
name = "packaging"
version = "26.3"
source = { registry = "https://pypi.org/simple" }
sdist = { url = "https://files.pythonhosted.org/packages/7d/fa/3944b40b07da9ce895c0e6303a5ab7d53da063554f534556b134a54d6093/packaging-26.3.tar.gz", hash = "sha256:94edc256424af38762eb31306eed28beb9f0efc50a8837492c9d6fd6004aed79", size = 313412, upload-time = "2026-08-04T18:15:28.737Z" }
wheels = [
    { url = "https://files.pythonhosted.org/packages/63/34/ba1c580383c9eada3711951fef0795c80b829a078d72188184bcab9dd527/packaging-26.3-py3-none-any.whl", hash = "sha256:d7193f7c8e4e93f444fde0262bf90af30e16fa0ad0ad44cb553c87339b23cd1c", size = 129956, upload-time = "2026-08-04T18:15:27.159Z" },
]

[[package]]
name = "pandas"
version = "3.0.5"
source = { registry = "https://pypi.org/simple" }
dependencies = [
    { name = "numpy" },
    { name = "python-dateutil" },
    { name = "tzdata", marker = "sys_platform == 'emscripten' or sys_platform == 'win32'" },
]
sdist = { url = "https://files.pythonhosted.org/packages/be/4f/5f3422a2afec5ffc46308b79e53291365a93748b498ac2e58bead0197916/pandas-3.0.5.tar.gz", hash = "sha256:dca3734d6ab7c906e6730f0788b0a1dbb9f2467731f9711f77995c8e9d62d712", size = 4658219, upload-time = "2026-07-22T22:19:28.819Z" }
wheels = [
    { url = "https://files.pythonhosted.org/packages/1c/54/1dc810ea558d1320b597aa140a514f2fdf1d2ea09c38cf556f13ea712ec9/pandas-3.0.5-cp312-cp312-macosx_10_13_x86_64.whl", hash = "sha256:fa290c16964d4963fbfbc358928239cf3bd755b20e988ce944877def2f44471d", size = 10411717, upload-time = "2026-07-22T22:18:08.307Z" },
    { url = "https://files.pythonhosted.org/packages/68/56/fbe81c09195924d8b7b8d4461a20458fe80a6a5ed6b24f0314da684277e1/pandas-3.0.5-cp312-cp312-macosx_11_0_arm64.whl", hash = "sha256:c2e26bb46934b8a2ca0c3de1d3d606fc5f6746584791b2db264d58cf370e08dc", size = 9957095, upload-time = "2026-07-22T22:18:10.6Z" },
    { url = "https://files.pythonhosted.org/packages/e0/51/fac252f4a913ed5eabf3c11b880a9e8d5a6c10f0b2129d0462212d238b4d/pandas-3.0.5-cp312-cp312-manylinux_2_24_aarch64.manylinux_2_28_aarch64.whl", hash = "sha256:73fa87b08a7ef706f8aafda39ddaccf2a99047bea62d8c88a0361bcafb2237bc", size = 10485458, upload-time = "2026-07-22T22:18:12.834Z" },
    { url = "https://files.pythonhosted.org/packages/12/98/e976540c1addf70442be7842a18cf70884a964abbf69442504f4d2939989/pandas-3.0.5-cp312-cp312-manylinux_2_24_x86_64.manylinux_2_28_x86_64.whl", hash = "sha256:d373ce03ffd84010ed9839fa73672a9c8256990532e158440c0085db7d914b34", size = 10998091, upload-time = "2026-07-22T22:18:15.209Z" },
    { url = "https://files.pythonhosted.org/packages/a4/8c/1f29b5be8d3fc47dd7567eb167fabba2085879b31e0287ce7cba6d3d2ff4/pandas-3.0.5-cp312-cp312-musllinux_1_2_aarch64.whl", hash = "sha256:2a29c53d85ea98c5e792c59ef82ee9fbe6ca902c0d0adb6b23f45ef894cd7bf6", size = 11499501, upload-time = "2026-07-22T22:18:17.689Z" },
    { url = "https://files.pythonhosted.org/packages/9d/e2/bd9c98ad2df7b38bde002adde4cdf353519da51881634323b126c55997f9/pandas-3.0.5-cp312-cp312-musllinux_1_2_x86_64.whl", hash = "sha256:a5ad3b02ed6bc7d7ae9b70804b2c6aa31827489d150f8e623ce82491b82085d7", size = 12060559, upload-time = "2026-07-22T22:18:20.147Z" },
    { url = "https://files.pythonhosted.org/packages/f3/9a/ffbd852d58bd74a617fe2f8ee6a58a96982271ce41cf981eab22190b4a4b/pandas-3.0.5-cp312-cp312-pyemscripten_2024_0_wasm32.whl", hash = "sha256:b2acb4650527eec6822c3dadb2b771277b65e7dae7a267d4bccf65fd1bb3fbce", size = 7197652, upload-time = "2026-07-22T22:18:22.502Z" },
    { url = "https://files.pythonhosted.org/packages/70/b5/d2d3e9ae73362ba4229651b0ee1455cf78073a1ce585f6ff693782ce263e/pandas-3.0.5-cp312-cp312-win_amd64.whl", hash = "sha256:80a611068e8a3ac23f7398c6c14eb46dc974e5cc9997f653e2dcfd1da74edd41", size = 9831691, upload-time = "2026-07-22T22:18:24.534Z" },
    { url = "https://files.pythonhosted.org/packages/52/51/dea1e89d6a6796b9c43f85a09b484ee03edb8a4c4842e73e200a8c11301c/pandas-3.0.5-cp312-cp312-win_arm64.whl", hash = "sha256:25ff585b972a18ef1fe9ffa3ac6544d9950508aa76832e5147640b6022821e49", size = 9105796, upload-time = "2026-07-22T22:18:27.064Z" },
]

[[package]]
name = "pefile"
version = "2023.2.7"
source = { registry = "https://pypi.org/simple" }
sdist = { url = "https://files.pythonhosted.org/packages/78/c5/3b3c62223f72e2360737fd2a57c30e5b2adecd85e70276879609a7403334/pefile-2023.2.7.tar.gz", hash = "sha256:82e6114004b3d6911c77c3953e3838654b04511b8b66e8583db70c65998017dc", size = 74854, upload-time = "2023-02-07T12:23:55.958Z" }
wheels = [
    { url = "https://files.pythonhosted.org/packages/55/26/d0ad8b448476d0a1e8d3ea5622dc77b916db84c6aa3cb1e1c0965af948fc/pefile-2023.2.7-py3-none-any.whl", hash = "sha256:da185cd2af68c08a6cd4481f7325ed600a88f6a813bad9dea07ab3ef73d8d8d6", size = 71791, upload-time = "2023-02-07T12:28:36.678Z" },
]

[[package]]
name = "pluggy"
version = "1.6.0"
source = { registry = "https://pypi.org/simple" }
sdist = { url = "https://files.pythonhosted.org/packages/f9/e2/3e91f31a7d2b083fe6ef3fa267035b518369d9511ffab804f839851d2779/pluggy-1.6.0.tar.gz", hash = "sha256:7dcc130b76258d33b90f61b658791dede3486c3e6bfb003ee5c9bfb396dd22f3", size = 69412, upload-time = "2025-05-15T12:30:07.975Z" }
wheels = [
    { url = "https://files.pythonhosted.org/packages/54/20/4d324d65cc6d9205fabedc306948156824eb9f0ee1633355a8f7ec5c66bf/pluggy-1.6.0-py3-none-any.whl", hash = "sha256:e920276dd6813095e9377c0bc5566d94c932c33b27a3e3945d8389c374dd4746", size = 20538, upload-time = "2025-05-15T12:30:06.134Z" },
]

[[package]]
name = "portalocker"
version = "3.2.0"
source = { registry = "https://pypi.org/simple" }
dependencies = [
    { name = "pywin32", marker = "sys_platform == 'win32'" },
]
sdist = { url = "https://files.pythonhosted.org/packages/5e/77/65b857a69ed876e1951e88aaba60f5ce6120c33703f7cb61a3c894b8c1b6/portalocker-3.2.0.tar.gz", hash = "sha256:1f3002956a54a8c3730586c5c77bf18fae4149e07eaf1c29fc3faf4d5a3f89ac", size = 95644, upload-time = "2025-06-14T13:20:40.03Z" }
wheels = [
    { url = "https://files.pythonhosted.org/packages/4b/a6/38c8e2f318bf67d338f4d629e93b0b4b9af331f455f0390ea8ce4a099b26/portalocker-3.2.0-py3-none-any.whl", hash = "sha256:3cdc5f565312224bc570c49337bd21428bba0ef363bbcf58b9ef4a9f11779968", size = 22424, upload-time = "2025-06-14T13:20:38.083Z" },
]

[[package]]
name = "pyarrow"
version = "21.0.0"
source = { registry = "https://pypi.org/simple" }
sdist = { url = "https://files.pythonhosted.org/packages/ef/c2/ea068b8f00905c06329a3dfcd40d0fcc2b7d0f2e355bdb25b65e0a0e4cd4/pyarrow-21.0.0.tar.gz", hash = "sha256:5051f2dccf0e283ff56335760cbc8622cf52264d67e359d5569541ac11b6d5bc", size = 1133487, upload-time = "2025-07-18T00:57:31.761Z" }
wheels = [
    { url = "https://files.pythonhosted.org/packages/ca/d4/d4f817b21aacc30195cf6a46ba041dd1be827efa4a623cc8bf39a1c2a0c0/pyarrow-21.0.0-cp312-cp312-macosx_12_0_arm64.whl", hash = "sha256:3a302f0e0963db37e0a24a70c56cf91a4faa0bca51c23812279ca2e23481fccd", size = 31160305, upload-time = "2025-07-18T00:55:35.373Z" },
    { url = "https://files.pythonhosted.org/packages/a2/9c/dcd38ce6e4b4d9a19e1d36914cb8e2b1da4e6003dd075474c4cfcdfe0601/pyarrow-21.0.0-cp312-cp312-macosx_12_0_x86_64.whl", hash = "sha256:b6b27cf01e243871390474a211a7922bfbe3bda21e39bc9160daf0da3fe48876", size = 32684264, upload-time = "2025-07-18T00:55:39.303Z" },
    { url = "https://files.pythonhosted.org/packages/4f/74/2a2d9f8d7a59b639523454bec12dba35ae3d0a07d8ab529dc0809f74b23c/pyarrow-21.0.0-cp312-cp312-manylinux_2_28_aarch64.whl", hash = "sha256:e72a8ec6b868e258a2cd2672d91f2860ad532d590ce94cdf7d5e7ec674ccf03d", size = 41108099, upload-time = "2025-07-18T00:55:42.889Z" },
    { url = "https://files.pythonhosted.org/packages/ad/90/2660332eeb31303c13b653ea566a9918484b6e4d6b9d2d46879a33ab0622/pyarrow-21.0.0-cp312-cp312-manylinux_2_28_x86_64.whl", hash = "sha256:b7ae0bbdc8c6674259b25bef5d2a1d6af5d39d7200c819cf99e07f7dfef1c51e", size = 42829529, upload-time = "2025-07-18T00:55:47.069Z" },
    { url = "https://files.pythonhosted.org/packages/33/27/1a93a25c92717f6aa0fca06eb4700860577d016cd3ae51aad0e0488ac899/pyarrow-21.0.0-cp312-cp312-musllinux_1_2_aarch64.whl", hash = "sha256:58c30a1729f82d201627c173d91bd431db88ea74dcaa3885855bc6203e433b82", size = 43367883, upload-time = "2025-07-18T00:55:53.069Z" },
    { url = "https://files.pythonhosted.org/packages/05/d9/4d09d919f35d599bc05c6950095e358c3e15148ead26292dfca1fb659b0c/pyarrow-21.0.0-cp312-cp312-musllinux_1_2_x86_64.whl", hash = "sha256:072116f65604b822a7f22945a7a6e581cfa28e3454fdcc6939d4ff6090126623", size = 45133802, upload-time = "2025-07-18T00:55:57.714Z" },
    { url = "https://files.pythonhosted.org/packages/71/30/f3795b6e192c3ab881325ffe172e526499eb3780e306a15103a2764916a2/pyarrow-21.0.0-cp312-cp312-win_amd64.whl", hash = "sha256:cf56ec8b0a5c8c9d7021d6fd754e688104f9ebebf1bf4449613c9531f5346a18", size = 26203175, upload-time = "2025-07-18T00:56:01.364Z" },
]

[[package]]
name = "pygments"
version = "2.21.0"
source = { registry = "https://pypi.org/simple" }
sdist = { url = "https://files.pythonhosted.org/packages/49/2e/ced460408999b33da6b31b0021b0f37d329e202d4169aeb164493778f25b/pygments-2.21.0.tar.gz", hash = "sha256:610ca751c9bc2492b38eb9a38a7fbc93edbbb2d7182edaf34e66ae493dee5c8c", size = 5005329, upload-time = "2026-08-17T08:02:48.824Z" }
wheels = [
    { url = "https://files.pythonhosted.org/packages/71/46/17f022dd3e953bf20a04a028a21ec746d942f8d2af30fa0f124fa0e6a684/pygments-2.21.0-py3-none-any.whl", hash = "sha256:2363c69b61c4a97c838da3b130dcd6468f4848992b21a82f2a63ec34377137d9", size = 1250147, upload-time = "2026-08-17T08:02:44.912Z" },
]

[[package]]
name = "pyinstaller"
version = "6.16.0"
source = { registry = "https://pypi.org/simple" }
dependencies = [
    { name = "altgraph" },
    { name = "macholib", marker = "sys_platform == 'darwin'" },
    { name = "packaging" },
    { name = "pefile", marker = "sys_platform == 'win32'" },
    { name = "pyinstaller-hooks-contrib" },
    { name = "pywin32-ctypes", marker = "sys_platform == 'win32'" },
    { name = "setuptools" },
]
sdist = { url = "https://files.pythonhosted.org/packages/94/94/1f62e95e4a28b64cfbb5b922ef3046f968b47170d37a1e1a029f56ac9cb4/pyinstaller-6.16.0.tar.gz", hash = "sha256:53559fe1e041a234f2b4dcc3288ea8bdd57f7cad8a6644e422c27bb407f3edef", size = 4008473, upload-time = "2025-09-13T20:07:01.733Z" }
wheels = [
    { url = "https://files.pythonhosted.org/packages/7b/0a/c42ce6e5d3de287f2e9432a074fb209f1fb72a86a72f3903849fdb5e4829/pyinstaller-6.16.0-py3-none-macosx_10_13_universal2.whl", hash = "sha256:7fd1c785219a87ca747c21fa92f561b0d2926a7edc06d0a0fe37f3736e00bd7a", size = 1027899, upload-time = "2025-09-13T20:05:59.2Z" },
    { url = "https://files.pythonhosted.org/packages/4e/d0/f18fedde32835d5a758f464c75924e2154065625f09d5456c3c303527654/pyinstaller-6.16.0-py3-none-manylinux2014_aarch64.whl", hash = "sha256:b756ddb9007b8141c5476b553351f9d97559b8af5d07f9460869bfae02be26b0", size = 727990, upload-time = "2025-09-13T20:06:03.583Z" },
    { url = "https://files.pythonhosted.org/packages/7a/db/c8bb47514ce857b24bf9294cf1ff74844b6a489fa0ab4ef6f923288c4e38/pyinstaller-6.16.0-py3-none-manylinux2014_i686.whl", hash = "sha256:0a48f55b85ff60f83169e10050f2759019cf1d06773ad1c4da3a411cd8751058", size = 739238, upload-time = "2025-09-13T20:06:07.69Z" },
    { url = "https://files.pythonhosted.org/packages/c6/3e/451dc784a8fcca0fe9f9b6b802d58555364a95b60f253613a2c83fc6b023/pyinstaller-6.16.0-py3-none-manylinux2014_ppc64le.whl", hash = "sha256:73ba72e04fcece92e32518bbb1e1fb5ac2892677943dfdff38e01a06e8742851", size = 737142, upload-time = "2025-09-13T20:06:11.732Z" },
    { url = "https://files.pythonhosted.org/packages/71/37/2f457479ef8fa2821cdb448acee2421dfb19fbe908bf5499d1930c164084/pyinstaller-6.16.0-py3-none-manylinux2014_s390x.whl", hash = "sha256:b1752488248f7899281b17ca3238eefb5410521291371a686a4f5830f29f52b3", size = 734133, upload-time = "2025-09-13T20:06:15.477Z" },
    { url = "https://files.pythonhosted.org/packages/63/c4/0f7daac4d062a4d1ac2571d8a8b9b5d6812094fcd914d139af591ca5e1ba/pyinstaller-6.16.0-py3-none-manylinux2014_x86_64.whl", hash = "sha256:ba618a61627ee674d6d68e5de084ba17c707b59a4f2a856084b3999bdffbd3f0", size = 733817, upload-time = "2025-09-13T20:06:19.683Z" },
    { url = "https://files.pythonhosted.org/packages/11/e4/b6127265b42bef883e8873d850becadf748bc5652e5a7029b059328f3c31/pyinstaller-6.16.0-py3-none-musllinux_1_1_aarch64.whl", hash = "sha256:c8b7ef536711617e12fef4673806198872033fa06fa92326ad7fd1d84a9fa454", size = 732912, upload-time = "2025-09-13T20:06:23.46Z" },
    { url = "https://files.pythonhosted.org/packages/2b/00/c6663107bdf814b2916e71563beabd09f693c47712213bc228994cb2cc65/pyinstaller-6.16.0-py3-none-musllinux_1_1_x86_64.whl", hash = "sha256:d1ebf84d02c51fed19b82a8abb4df536923abd55bb684d694e1356e4ae2a0ce5", size = 732773, upload-time = "2025-09-13T20:06:27.352Z" },
    { url = "https://files.pythonhosted.org/packages/a3/14/cabe9bc5f60b95d2e70e7d045ab94b0015ff8f6c8b16e2142d3597e30749/pyinstaller-6.16.0-py3-none-win32.whl", hash = "sha256:6d5f8617f3650ff9ef893e2ab4ddbf3c0d23d0c602ef74b5df8fbef4607840c8", size = 1313878, upload-time = "2025-09-13T20:06:33.234Z" },
    { url = "https://files.pythonhosted.org/packages/aa/99/2005efbc297e7813c1d6f18484aa94a1a81ce87b6a5b497c563681f4c4ea/pyinstaller-6.16.0-py3-none-win_amd64.whl", hash = "sha256:bc10eb1a787f99fea613509f55b902fbd2d8b73ff5f51ff245ea29a481d97d41", size = 1374706, upload-time = "2025-09-13T20:06:39.95Z" },
    { url = "https://files.pythonhosted.org/packages/ca/f4/4dfcf69b86d60fcaae05a42bbff1616d48a91e71726e5ed795d773dae9b3/pyinstaller-6.16.0-py3-none-win_arm64.whl", hash = "sha256:d0af8a401de792c233c32c44b16d065ca9ab8262ee0c906835c12bdebc992a64", size = 1315923, upload-time = "2025-09-13T20:06:45.846Z" },
]

[[package]]
name = "pyinstaller-hooks-contrib"
version = "2026.7"
source = { registry = "https://pypi.org/simple" }
dependencies = [
    { name = "packaging" },
]
sdist = { url = "https://files.pythonhosted.org/packages/26/60/d881fa1ba8c160c18d8e6f782bb16ec4640c08bc08fc50f704c368ad4f9e/pyinstaller_hooks_contrib-2026.7.tar.gz", hash = "sha256:5fbcaacb22c4f4aac869a127dce283f67a4b4cfcc37d496f2446603e6d68aefa", size = 175992, upload-time = "2026-08-24T21:26:58.713Z" }
wheels = [
    { url = "https://files.pythonhosted.org/packages/0a/67/350377af7b50416344ab8792756d414eef7629c618a73e9a0b13bb1552d9/pyinstaller_hooks_contrib-2026.7-py3-none-any.whl", hash = "sha256:24257a04c7a5a7a034cf28e39dcee20fbeeb9f043076729480f2e1b69904408a", size = 459445, upload-time = "2026-08-24T21:26:57.274Z" },
]

[[package]]
name = "pyogrio"
version = "0.11.1"
source = { registry = "https://pypi.org/simple" }
dependencies = [
    { name = "certifi" },
    { name = "numpy" },
    { name = "packaging" },
]
sdist = { url = "https://files.pythonhosted.org/packages/bf/1d/ae0340237207664e2da1b77f2cdbcb5f81fd0fc9f3200a48ca993a5e12ef/pyogrio-0.11.1.tar.gz", hash = "sha256:e1441dc9c866f10d8e6ae7ea9249a10c1f57ea921b1f19a5b0977ab91ef8082c", size = 287267, upload-time = "2025-08-02T20:19:20.167Z" }
wheels = [
    { url = "https://files.pythonhosted.org/packages/72/d3/2ba967ca4255cdfa130a6d8b437826488567b4bc1bb417c442bb43d62611/pyogrio-0.11.1-cp312-cp312-macosx_12_0_arm64.whl", hash = "sha256:f186456ebe5d5f61e7bd883bad25a59d43d6304178d4f0d3e03273f42b40a4cc", size = 19450110, upload-time = "2025-08-02T20:18:36.643Z" },
    { url = "https://files.pythonhosted.org/packages/5a/e1/3bc29ae71d24a91cf91f7413541e50acb7de2ce609587168ce2f4b405d3b/pyogrio-0.11.1-cp312-cp312-macosx_12_0_x86_64.whl", hash = "sha256:b8a199bc0e421eac444af96942b7553268e43d0cadf30d0d6d41017de05b7e9e", size = 20635348, upload-time = "2025-08-02T20:18:38.714Z" },
    { url = "https://files.pythonhosted.org/packages/8c/b2/ec453e544370a90b4e8b2c6afa72501963ddc33afe883f0e5ba34af6a80f/pyogrio-0.11.1-cp312-cp312-manylinux_2_17_x86_64.manylinux2014_x86_64.whl", hash = "sha256:afce80b4b32f043fcf76a50e8572e3ad8d9d3e6abbbfa6137f0975ba55c4eeb8", size = 26980190, upload-time = "2025-08-02T20:18:41.197Z" },
    { url = "https://files.pythonhosted.org/packages/b1/f6/337f122b58f697f807bf9093b606b33b3ef52fe06a21e88d8a9230844cc3/pyogrio-0.11.1-cp312-cp312-manylinux_2_28_aarch64.whl", hash = "sha256:0cfd79caf0b8cb7bbf30b419dff7f21509169efcf4d431172c61b44fe1029dba", size = 26474852, upload-time = "2025-08-02T20:18:43.74Z" },
    { url = "https://files.pythonhosted.org/packages/e6/0f/8193a4a879f1284d693793e59a2e185c8fd3c47cb562b0e5daf7289997ea/pyogrio-0.11.1-cp312-cp312-manylinux_2_28_x86_64.whl", hash = "sha256:ab3aa6dbf2441d2407ce052233f2966324a3cff752bd43d99e4c779ea54e0a16", size = 27659721, upload-time = "2025-08-02T20:18:46.398Z" },
    { url = "https://files.pythonhosted.org/packages/5f/7d/3e818625a435fcc196ea441a6ca8495f87dd1f1eebeb95760eb401ea425d/pyogrio-0.11.1-cp312-cp312-win_amd64.whl", hash = "sha256:cd10035eb3b5e5a43bdafbd777339d2274e9b75972658364f0ce31c4d3400d1e", size = 19219350, upload-time = "2025-08-02T20:18:48.866Z" },
]

[[package]]
name = "pyparsing"
version = "3.3.2"
source = { registry = "https://pypi.org/simple" }
sdist = { url = "https://files.pythonhosted.org/packages/f3/91/9c6ee907786a473bf81c5f53cf703ba0957b23ab84c264080fb5a450416f/pyparsing-3.3.2.tar.gz", hash = "sha256:c777f4d763f140633dcb6d8a3eda953bf7a214dc4eff598413c070bcdc117cbc", size = 6851574, upload-time = "2026-01-21T03:57:59.36Z" }
wheels = [
    { url = "https://files.pythonhosted.org/packages/10/bd/c038d7cc38edc1aa5bf91ab8068b63d4308c66c4c8bb3cbba7dfbc049f9c/pyparsing-3.3.2-py3-none-any.whl", hash = "sha256:850ba148bd908d7e2411587e247a1e4f0327839c40e2e5e6d05a007ecc69911d", size = 122781, upload-time = "2026-01-21T03:57:55.912Z" },
]

[[package]]
name = "pyproj"
version = "3.7.2"
source = { registry = "https://pypi.org/simple" }
dependencies = [
    { name = "certifi" },
]
sdist = { url = "https://files.pythonhosted.org/packages/04/90/67bd7260b4ea9b8b20b4f58afef6c223ecb3abf368eb4ec5bc2cdef81b49/pyproj-3.7.2.tar.gz", hash = "sha256:39a0cf1ecc7e282d1d30f36594ebd55c9fae1fda8a2622cee5d100430628f88c", size = 226279, upload-time = "2025-08-14T12:05:42.18Z" }
wheels = [
    { url = "https://files.pythonhosted.org/packages/8d/ab/9893ea9fb066be70ed9074ae543914a618c131ed8dff2da1e08b3a4df4db/pyproj-3.7.2-cp312-cp312-macosx_13_0_x86_64.whl", hash = "sha256:0a9bb26a6356fb5b033433a6d1b4542158fb71e3c51de49b4c318a1dff3aeaab", size = 6219832, upload-time = "2025-08-14T12:04:10.264Z" },
    { url = "https://files.pythonhosted.org/packages/53/78/4c64199146eed7184eb0e85bedec60a4aa8853b6ffe1ab1f3a8b962e70a0/pyproj-3.7.2-cp312-cp312-macosx_14_0_arm64.whl", hash = "sha256:567caa03021178861fad27fabde87500ec6d2ee173dd32f3e2d9871e40eebd68", size = 4620650, upload-time = "2025-08-14T12:04:11.978Z" },
    { url = "https://files.pythonhosted.org/packages/b6/ac/14a78d17943898a93ef4f8c6a9d4169911c994e3161e54a7cedeba9d8dde/pyproj-3.7.2-cp312-cp312-manylinux_2_28_aarch64.whl", hash = "sha256:c203101d1dc3c038a56cff0447acc515dd29d6e14811406ac539c21eed422b2a", size = 9667087, upload-time = "2025-08-14T12:04:13.964Z" },
    { url = "https://files.pythonhosted.org/packages/b8/be/212882c450bba74fc8d7d35cbd57e4af84792f0a56194819d98106b075af/pyproj-3.7.2-cp312-cp312-manylinux_2_28_x86_64.whl", hash = "sha256:1edc34266c0c23ced85f95a1ee8b47c9035eae6aca5b6b340327250e8e281630", size = 9552797, upload-time = "2025-08-14T12:04:16.624Z" },
    { url = "https://files.pythonhosted.org/packages/ba/c0/c0f25c87b5d2a8686341c53c1792a222a480d6c9caf60311fec12c99ec26/pyproj-3.7.2-cp312-cp312-musllinux_1_2_aarch64.whl", hash = "sha256:aa9f26c21bc0e2dc3d224cb1eb4020cf23e76af179a7c66fea49b828611e4260", size = 10837036, upload-time = "2025-08-14T12:04:18.733Z" },
    { url = "https://files.pythonhosted.org/packages/5d/37/5cbd6772addde2090c91113332623a86e8c7d583eccb2ad02ea634c4a89f/pyproj-3.7.2-cp312-cp312-musllinux_1_2_x86_64.whl", hash = "sha256:f9428b318530625cb389b9ddc9c51251e172808a4af79b82809376daaeabe5e9", size = 10775952, upload-time = "2025-08-14T12:04:20.709Z" },
    { url = "https://files.pythonhosted.org/packages/69/a1/dc250e3cf83eb4b3b9a2cf86fdb5e25288bd40037ae449695550f9e96b2f/pyproj-3.7.2-cp312-cp312-win32.whl", hash = "sha256:b3d99ed57d319da042f175f4554fc7038aa4bcecc4ac89e217e350346b742c9d", size = 5898872, upload-time = "2025-08-14T12:04:22.485Z" },
    { url = "https://files.pythonhosted.org/packages/4a/a6/6fe724b72b70f2b00152d77282e14964d60ab092ec225e67c196c9b463e5/pyproj-3.7.2-cp312-cp312-win_amd64.whl", hash = "sha256:11614a054cd86a2ed968a657d00987a86eeb91fdcbd9ad3310478685dc14a128", size = 6312176, upload-time = "2025-08-14T12:04:24.736Z" },
    { url = "https://files.pythonhosted.org/packages/5d/68/915cc32c02a91e76d02c8f55d5a138d6ef9e47a0d96d259df98f4842e558/pyproj-3.7.2-cp312-cp312-win_arm64.whl", hash = "sha256:509a146d1398bafe4f53273398c3bb0b4732535065fa995270e52a9d3676bca3", size = 6233452, upload-time = "2025-08-14T12:04:27.287Z" },
]

[[package]]
name = "pytest"
version = "8.4.2"
source = { registry = "https://pypi.org/simple" }
dependencies = [
    { name = "colorama", marker = "sys_platform == 'win32'" },
    { name = "iniconfig" },
    { name = "packaging" },
    { name = "pluggy" },
    { name = "pygments" },
]
sdist = { url = "https://files.pythonhosted.org/packages/a3/5c/00a0e072241553e1a7496d638deababa67c5058571567b92a7eaa258397c/pytest-8.4.2.tar.gz", hash = "sha256:86c0d0b93306b961d58d62a4db4879f27fe25513d4b969df351abdddb3c30e01", size = 1519618, upload-time = "2025-09-04T14:34:22.711Z" }
wheels = [
    { url = "https://files.pythonhosted.org/packages/a8/a4/20da314d277121d6534b3a980b29035dcd51e6744bd79075a6ce8fa4eb8d/pytest-8.4.2-py3-none-any.whl", hash = "sha256:872f880de3fc3a5bdc88a11b39c9710c3497a547cfa9320bc3c5e62fbf272e79", size = 365750, upload-time = "2025-09-04T14:34:20.226Z" },
]

[[package]]
name = "python-dateutil"
version = "2.9.0.post0"
source = { registry = "https://pypi.org/simple" }
dependencies = [
    { name = "six" },
]
sdist = { url = "https://files.pythonhosted.org/packages/66/c0/0c8b6ad9f17a802ee498c46e004a0eb49bc148f2fd230864601a86dcf6db/python-dateutil-2.9.0.post0.tar.gz", hash = "sha256:37dd54208da7e1cd875388217d5e00ebd4179249f90fb72437e91a35459a0ad3", size = 342432, upload-time = "2024-03-01T18:36:20.211Z" }
wheels = [
    { url = "https://files.pythonhosted.org/packages/ec/57/56b9bcc3c9c6a792fcbaf139543cee77261f3651ca9da0c93f5c1221264b/python_dateutil-2.9.0.post0-py2.py3-none-any.whl", hash = "sha256:a8b2bc7bffae282281c8140a97d3aa9c14da0b136dfe83f850eea9a5f7470427", size = 229892, upload-time = "2024-03-01T18:36:18.57Z" },
]

[[package]]
name = "pywin32"
version = "312"
source = { registry = "https://pypi.org/simple" }
wheels = [
    { url = "https://files.pythonhosted.org/packages/83/ff/32aa7d2ed0ab12b323aaa64f9b75e6ad4f8fd09f9ccfc28c79414d46838d/pywin32-312-cp312-cp312-win32.whl", hash = "sha256:dab4f65ac9c4e48400a2a0530c46c3c579cd5905ecd11b80692373915269208b", size = 6371877, upload-time = "2026-06-04T07:49:28.836Z" },
    { url = "https://files.pythonhosted.org/packages/03/d9/77040d3b43df3f3be32ea289433d660d2727f5ba327bc73be835127d9d60/pywin32-312-cp312-cp312-win_amd64.whl", hash = "sha256:b457f6d628a47e8a7346ce22acb7e1a46a4a78b52e1d17e1af56871bd19a93bc", size = 6914841, upload-time = "2026-06-04T07:49:31.85Z" },
    { url = "https://files.pythonhosted.org/packages/e3/cc/7b1ec671775756020a0ee7f4feeaf3c568f0ab86bd3900088cf986937a92/pywin32-312-cp312-cp312-win_arm64.whl", hash = "sha256:6017c58e12f6809fbb0555b75df144c2922a9ffd18e4b9b5afa863b6c1a9d950", size = 6727901, upload-time = "2026-06-04T07:49:34.244Z" },
]

[[package]]
name = "pywin32-ctypes"
version = "0.2.3"
source = { registry = "https://pypi.org/simple" }
sdist = { url = "https://files.pythonhosted.org/packages/85/9f/01a1a99704853cb63f253eea009390c88e7131c67e66a0a02099a8c917cb/pywin32-ctypes-0.2.3.tar.gz", hash = "sha256:d162dc04946d704503b2edc4d55f3dba5c1d539ead017afa00142c38b9885755", size = 29471, upload-time = "2024-08-14T10:15:34.626Z" }
wheels = [
    { url = "https://files.pythonhosted.org/packages/de/3d/8161f7711c017e01ac9f008dfddd9410dff3674334c233bde66e7ba65bbf/pywin32_ctypes-0.2.3-py3-none-any.whl", hash = "sha256:8a1513379d709975552d202d942d9837758905c8d01eb82b8bcc30918929e7b8", size = 30756, upload-time = "2024-08-14T10:15:33.187Z" },
]

[[package]]
name = "rasterio"
version = "1.4.3"
source = { registry = "https://pypi.org/simple" }
dependencies = [
    { name = "affine" },
    { name = "attrs" },
    { name = "certifi" },
    { name = "click" },
    { name = "click-plugins" },
    { name = "cligj" },
    { name = "numpy" },
    { name = "pyparsing" },
]
sdist = { url = "https://files.pythonhosted.org/packages/de/19/ab4326e419b543da623ce4191f68e3f36a4d9adc64f3df5c78f044d8d9ca/rasterio-1.4.3.tar.gz", hash = "sha256:201f05dbc7c4739dacb2c78a1cf4e09c0b7265b0a4d16ccbd1753ce4f2af350a", size = 442990, upload-time = "2024-12-02T14:49:25.571Z" }
wheels = [
    { url = "https://files.pythonhosted.org/packages/5a/f2/b7417292ceace70d815760f7e41fe5b0244ebff78ede11b1ffa9ca01c370/rasterio-1.4.3-cp312-cp312-macosx_10_15_x86_64.whl", hash = "sha256:e703e4b2c74c678786d5d110a3f30e26f3acfd65f09ccf35f69683a532f7a772", size = 21514543, upload-time = "2024-12-02T14:48:49.757Z" },
    { url = "https://files.pythonhosted.org/packages/b2/ea/e21010457847b26bb4aea3983e9b44afbcefef07defc5e9a3285a8fe2f0c/rasterio-1.4.3-cp312-cp312-macosx_14_0_arm64.whl", hash = "sha256:38a126f8dbf405cd3450b5bd10c6cc493a2e1be4cf83442d26f5e4f412372d36", size = 18735924, upload-time = "2024-12-02T14:48:53.263Z" },
    { url = "https://files.pythonhosted.org/packages/67/72/331727423b28fffdfd8bf18bdc55c18d374c0fefd2dde390cd833f8f4477/rasterio-1.4.3-cp312-cp312-manylinux_2_17_x86_64.manylinux2014_x86_64.whl", hash = "sha256:8e90c2c300294265c16becc9822337ded0f01fb8664500b4d77890d633d8cd0e", size = 22251721, upload-time = "2024-12-02T14:48:56.533Z" },
    { url = "https://files.pythonhosted.org/packages/be/cc/453816b489af94b9a243eda889865973d518989ba6923b2381f6d6722b43/rasterio-1.4.3-cp312-cp312-win_amd64.whl", hash = "sha256:a962ad4c29feaf38b1d7a94389313127de3646a5b9b734fbf9a04e16051a27ff", size = 25430154, upload-time = "2024-12-02T14:48:59.261Z" },
]

[[package]]
name = "setuptools"
version = "84.0.0"
source = { registry = "https://pypi.org/simple" }
sdist = { url = "https://files.pythonhosted.org/packages/6d/44/f5da03a8ef95d369145c5bb53050e7877c9f3d312e128605fd9504829143/setuptools-84.0.0.tar.gz", hash = "sha256:f4695c21257f0d9b537ec2692c941d02ee143b7cc1276941349a546573b2ef73", size = 1168449, upload-time = "2026-08-08T18:27:58.365Z" }
wheels = [
    { url = "https://files.pythonhosted.org/packages/95/9c/c510029fc6ef33a6275cd2c5d3cecd6613dfd6aa401d57c54f1c18852ccf/setuptools-84.0.0-py3-none-any.whl", hash = "sha256:51a52592b3b99e102b609654876bd65f19f999935166d1352678931132b0c670", size = 818216, upload-time = "2026-08-08T18:27:56.719Z" },
]

[[package]]
name = "shapely"
version = "2.1.1"
source = { registry = "https://pypi.org/simple" }
dependencies = [
    { name = "numpy" },
]
sdist = { url = "https://files.pythonhosted.org/packages/ca/3c/2da625233f4e605155926566c0e7ea8dda361877f48e8b1655e53456f252/shapely-2.1.1.tar.gz", hash = "sha256:500621967f2ffe9642454808009044c21e5b35db89ce69f8a2042c2ffd0e2772", size = 315422, upload-time = "2025-05-19T11:04:41.265Z" }
wheels = [
    { url = "https://files.pythonhosted.org/packages/fb/64/9544dc07dfe80a2d489060791300827c941c451e2910f7364b19607ea352/shapely-2.1.1-cp312-cp312-macosx_10_13_x86_64.whl", hash = "sha256:2827365b58bf98efb60affc94a8e01c56dd1995a80aabe4b701465d86dcbba43", size = 1833021, upload-time = "2025-05-19T11:04:08.022Z" },
    { url = "https://files.pythonhosted.org/packages/07/aa/fb5f545e72e89b6a0f04a0effda144f5be956c9c312c7d4e00dfddbddbcf/shapely-2.1.1-cp312-cp312-macosx_11_0_arm64.whl", hash = "sha256:a9c551f7fa7f1e917af2347fe983f21f212863f1d04f08eece01e9c275903fad", size = 1643018, upload-time = "2025-05-19T11:04:09.343Z" },
    { url = "https://files.pythonhosted.org/packages/03/46/61e03edba81de729f09d880ce7ae5c1af873a0814206bbfb4402ab5c3388/shapely-2.1.1-cp312-cp312-manylinux_2_17_aarch64.manylinux2014_aarch64.whl", hash = "sha256:78dec4d4fbe7b1db8dc36de3031767e7ece5911fb7782bc9e95c5cdec58fb1e9", size = 2986417, upload-time = "2025-05-19T11:04:10.56Z" },
    { url = "https://files.pythonhosted.org/packages/1f/1e/83ec268ab8254a446b4178b45616ab5822d7b9d2b7eb6e27cf0b82f45601/shapely-2.1.1-cp312-cp312-manylinux_2_17_x86_64.manylinux2014_x86_64.whl", hash = "sha256:872d3c0a7b8b37da0e23d80496ec5973c4692920b90de9f502b5beb994bbaaef", size = 3098224, upload-time = "2025-05-19T11:04:11.903Z" },
    { url = "https://files.pythonhosted.org/packages/f1/44/0c21e7717c243e067c9ef8fa9126de24239f8345a5bba9280f7bb9935959/shapely-2.1.1-cp312-cp312-musllinux_1_2_aarch64.whl", hash = "sha256:2e2b9125ebfbc28ecf5353511de62f75a8515ae9470521c9a693e4bb9fbe0cf1", size = 3925982, upload-time = "2025-05-19T11:04:13.224Z" },
    { url = "https://files.pythonhosted.org/packages/15/50/d3b4e15fefc103a0eb13d83bad5f65cd6e07a5d8b2ae920e767932a247d1/shapely-2.1.1-cp312-cp312-musllinux_1_2_x86_64.whl", hash = "sha256:4b96cea171b3d7f6786976a0520f178c42792897653ecca0c5422fb1e6946e6d", size = 4089122, upload-time = "2025-05-19T11:04:14.477Z" },
    { url = "https://files.pythonhosted.org/packages/bd/05/9a68f27fc6110baeedeeebc14fd86e73fa38738c5b741302408fb6355577/shapely-2.1.1-cp312-cp312-win32.whl", hash = "sha256:39dca52201e02996df02e447f729da97cfb6ff41a03cb50f5547f19d02905af8", size = 1522437, upload-time = "2025-05-19T11:04:16.203Z" },
    { url = "https://files.pythonhosted.org/packages/bc/e9/a4560e12b9338842a1f82c9016d2543eaa084fce30a1ca11991143086b57/shapely-2.1.1-cp312-cp312-win_amd64.whl", hash = "sha256:13d643256f81d55a50013eff6321142781cf777eb6a9e207c2c9e6315ba6044a", size = 1703479, upload-time = "2025-05-19T11:04:18.497Z" },
]

[[package]]
name = "six"
version = "1.17.0"
source = { registry = "https://pypi.org/simple" }
sdist = { url = "https://files.pythonhosted.org/packages/94/e7/b2c673351809dca68a0e064b6af791aa332cf192da575fd474ed7d6f16a2/six-1.17.0.tar.gz", hash = "sha256:ff70335d468e7eb6ec65b95b99d3a2836546063f63acc5171de367e834932a81", size = 34031, upload-time = "2024-12-04T17:35:28.174Z" }
wheels = [
    { url = "https://files.pythonhosted.org/packages/b7/ce/149a00dd41f10bc29e5921b496af8b574d8413afcd5e30dfa0ed46c2cc5e/six-1.17.0-py2.py3-none-any.whl", hash = "sha256:4721f391ed90541fddacab5acf947aa0d3dc7d27b2e1e8eda2be8970586c3274", size = 11050, upload-time = "2024-12-04T17:35:26.475Z" },
]

[[package]]
name = "spatial-analysis-engine"
version = "0.5.0"
source = { editable = "." }
dependencies = [
    { name = "affine" },
    { name = "defusedxml" },
    { name = "geopandas" },
    { name = "numpy" },
    { name = "openpyxl" },
    { name = "portalocker" },
    { name = "pyarrow" },
    { name = "pyogrio" },
    { name = "pyproj" },
    { name = "rasterio" },
    { name = "shapely" },
]

[package.dev-dependencies]
dev = [
    { name = "pyinstaller" },
    { name = "pytest" },
]

[package.metadata]
requires-dist = [
    { name = "affine", specifier = "==2.4.0" },
    { name = "defusedxml", specifier = "==0.7.1" },
    { name = "geopandas", specifier = "==1.1.1" },
    { name = "numpy", specifier = "==2.4.2" },
    { name = "openpyxl", specifier = "==3.1.5" },
    { name = "portalocker", specifier = "==3.2.0" },
    { name = "pyarrow", specifier = "==21.0.0" },
    { name = "pyogrio", specifier = "==0.11.1" },
    { name = "pyproj", specifier = "==3.7.2" },
    { name = "rasterio", specifier = "==1.4.3" },
    { name = "shapely", specifier = "==2.1.1" },
]

[package.metadata.requires-dev]
dev = [
    { name = "pyinstaller", specifier = "==6.16.0" },
    { name = "pytest", specifier = "==8.4.2" },
]

[[package]]
name = "tzdata"
version = "2026.3"
source = { registry = "https://pypi.org/simple" }
sdist = { url = "https://files.pythonhosted.org/packages/92/ff/5a28bdfd8c3ebec42564ac7d0e54ca3db65044a9314a97f9564fa7a1e926/tzdata-2026.3.tar.gz", hash = "sha256:4a1518b8993086a7982523e071643f3c0e5f213e75b21318e78bcabfff9d1415", size = 198674, upload-time = "2026-07-10T08:50:37.887Z" }
wheels = [
    { url = "https://files.pythonhosted.org/packages/e5/6d/b53b99a9f2766d095985947a5782f1702cabb129a34f7a802d7197af832f/tzdata-2026.3-py2.py3-none-any.whl", hash = "sha256:dc096730c87af6cab1b171c9d532be840741ff5d459015e7f6947bd7d7e54931", size = 348168, upload-time = "2026-07-10T08:50:36.46Z" },
]
